hash: 736f0779a7bf98617a4408b2e9dd1db176e91ffea3433ac70d462436a712e6c1
updated: 2016-09-29T22:14:40.074901445-05:00
imports:
- name: github.com/abiosoft/ishell
  version: fcbb65a8cf6d15f5acaace2f65aa9ae0624d7d4b
- name: github.com/flynn/go-shlex
  version: 3f9db97f856818214da2e1057f8ad84803971cff
- name: github.com/tatsushid/go-fastping
  version: d7bb493dee3e090e2ffb6914adddf17c1e7c026c
- name: golang.org/x/net
  version: a333c534c871727fb95745870e8b98a69447f2ce
  subpackages:
  - bpf
  - internal/iana
  - internal/netreflect
  - ipv4
  - ipv6
- name: golang.org/x/net/icmp
  version: a333c534c871727fb95745870e8b98a69447f2ce
- name: gopkg.in/readline.v1
  version: 62c6fe6193755f722b8b8788aa7357be55a50ff1
testImports: []
